// !$*UTF8*$!
{
	archiveVersion = 1;
	classes = {
	};
	objectVersion = 46;
	objects = {

/* Begin PBXBuildFile section */
		A33011621E15296B00188B73 /* SeriesDataRequester.swift in Sources */ = {isa = PBXBuildFile; fileRef = A33011611E15296B00188B73 /* SeriesDataRequester.swift */; };
		A33011641E153A5C00188B73 /* Serie.swift in Sources */ = {isa = PBXBuildFile; fileRef = A33011631E153A5C00188B73 /* Serie.swift */; };
		A330116A1E154CAB00188B73 /* SeriesViewController.swift in Sources */ = {isa = PBXBuildFile; fileRef = A33011691E154CAB00188B73 /* SeriesViewController.swift */; };
		A33011711E1554F600188B73 /* SerieViewCell.swift in Sources */ = {isa = PBXBuildFile; fileRef = A330116F1E1554F600188B73 /* SerieViewCell.swift */; };
		A33011721E1554F600188B73 /* SerieViewCell.xib in Resources */ = {isa = PBXBuildFile; fileRef = A33011701E1554F600188B73 /* SerieViewCell.xib */; };
		A33011741E158E0F00188B73 /* MainNavigationController.swift in Sources */ = {isa = PBXBuildFile; fileRef = A33011731E158E0F00188B73 /* MainNavigationController.swift */; };
		A33011771E158E8C00188B73 /* UIColorExtension.swift in Sources */ = {isa = PBXBuildFile; fileRef = A33011761E158E8C00188B73 /* UIColorExtension.swift */; };
		A330117A1E158EDC00188B73 /* Colors.swift in Sources */ = {isa = PBXBuildFile; fileRef = A33011791E158EDC00188B73 /* Colors.swift */; };
		A330117F1E15B23F00188B73 /* SeriesResponse.swift in Sources */ = {isa = PBXBuildFile; fileRef = A330117E1E15B23F00188B73 /* SeriesResponse.swift */; };
		A3CC50DB1E1517EB00969779 /* AppDelegate.swift in Sources */ = {isa = PBXBuildFile; fileRef = A3CC50DA1E1517EB00969779 /* AppDelegate.swift */; };
		A3CC50E01E1517EB00969779 /* Main.storyboard in Resources */ = {isa = PBXBuildFile; fileRef = A3CC50DE1E1517EB00969779 /* Main.storyboard */; };
		A3CC50E21E1517EB00969779 /* Assets.xcassets in Resources */ = {isa = PBXBuildFile; fileRef = A3CC50E11E1517EB00969779 /* Assets.xcassets */; };
		A3CC50E51E1517EB00969779 /* LaunchScreen.storyboard in Resources */ = {isa = PBXBuildFile; fileRef = A3CC50E31E1517EB00969779 /* LaunchScreen.storyboard */; };
		A3CC50F01E1517EB00969779 /* Series_PopularesTests.swift in Sources */ = {isa = PBXBuildFile; fileRef = A3CC50EF1E1517EB00969779 /* Series_PopularesTests.swift */; };
		CD6577E2FD2C44A5B1E20E28 /* Pods_Series_PopularesTests.framework in Frameworks */ = {isa = PBXBuildFile; fileRef = B007E0FAA33288BBF88D5A95 /* Pods_Series_PopularesTests.framework */; };
		E76865914259CA280B1C567A /* Pods_Series_Populares.framework in Frameworks */ = {isa = PBXBuildFile; fileRef = 130BD602AEC52F31202B1045 /* Pods_Series_Populares.framework */; };
/* End PBXBuildFile section */

/* Begin PBXContainerItemProxy section */
		A3CC50EC1E1517EB00969779 /* PBXContainerItemProxy */ = {
			isa = PBXContainerItemProxy;
			containerPortal = A3CC50CF1E1517EA00969779 /* Project object */;
			proxyType = 1;
			remoteGlobalIDString = A3CC50D61E1517EA00969779;
			remoteInfo = "Series Populares";
		};
/* End PBXContainerItemProxy section */

/* Begin PBXFileReference section */
		130BD602AEC52F31202B1045 /* Pods_Series_Populares.framework */ = {isa = PBXFileReference; explicitFileType = wrapper.framework; includeInIndex = 0; path = Pods_Series_Populares.framework; sourceTree = BUILT_PRODUCTS_DIR; };
		2C11A1C7F36654B8CD157A90 /* Pods-Series PopularesTests.release.xcconfig */ = {isa = PBXFileReference; includeInIndex = 1; lastKnownFileType = text.xcconfig; name = "Pods-Series PopularesTests.release.xcconfig"; path = "Pods/Target Support Files/Pods-Series PopularesTests/Pods-Series PopularesTests.release.xcconfig"; sourceTree = "<group>"; };
		5389AD5A1FCE8A53C406BCB6 /* Pods-Series PopularesTests.debug.xcconfig */ = {isa = PBXFileReference; includeInIndex = 1; lastKnownFileType = text.xcconfig; name = "Pods-Series PopularesTests.debug.xcconfig"; path = "Pods/Target Support Files/Pods-Series PopularesTests/Pods-Series PopularesTests.debug.xcconfig"; sourceTree = "<group>"; };
		8DAD3B01FF342647F723F12F /* Pods-Series Populares.debug.xcconfig */ = {isa = PBXFileReference; includeInIndex = 1; lastKnownFileType = text.xcconfig; name = "Pods-Series Populares.debug.xcconfig"; path = "Pods/Target Support Files/Pods-Series Populares/Pods-Series Populares.debug.xcconfig"; sourceTree = "<group>"; };
		A33011611E15296B00188B73 /* SeriesDataRequester.swift */ = {isa = PBXFileReference; fileEncoding = 4; lastKnownFileType = sourcecode.swift; name = SeriesDataRequester.swift; path = data/SeriesDataRequester.swift; sourceTree = "<group>"; };
		A33011631E153A5C00188B73 /* Serie.swift */ = {isa = PBXFileReference; fileEncoding = 4; lastKnownFileType = sourcecode.swift; name = Serie.swift; path = model/Serie.swift; sourceTree = "<group>"; };
		A33011691E154CAB00188B73 /* SeriesViewController.swift */ = {isa = PBXFileReference; fileEncoding = 4; lastKnownFileType = sourcecode.swift; name = SeriesViewController.swift; path = controller/SeriesViewController.swift; sourceTree = "<group>"; };
		A330116F1E1554F600188B73 /* SerieViewCell.swift */ = {isa = PBXFileReference; fileEncoding = 4; lastKnownFileType = sourcecode.swift; name = SerieViewCell.swift; path = ui/SerieViewCell.swift; sourceTree = "<group>"; };
		A33011701E1554F600188B73 /* SerieViewCell.xib */ = {isa = PBXFileReference; fileEncoding = 4; lastKnownFileType = file.xib; name = SerieViewCell.xib; path = ui/SerieViewCell.xib; sourceTree = "<group>"; };
		A33011731E158E0F00188B73 /* MainNavigationController.swift */ = {isa = PBXFileReference; fileEncoding = 4; lastKnownFileType = sourcecode.swift; name = MainNavigationController.swift; path = controller/MainNavigationController.swift; sourceTree = "<group>"; };
		A33011761E158E8C00188B73 /* UIColorExtension.swift */ = {isa = PBXFileReference; fileEncoding = 4; lastKnownFileType = sourcecode.swift; name = UIColorExtension.swift; path = utils/UIColorExtension.swift; sourceTree = "<group>"; };
		A33011791E158EDC00188B73 /* Colors.swift */ = {isa = PBXFileReference; fileEncoding = 4; lastKnownFileType = sourcecode.swift; name = Colors.swift; path = resources/Colors.swift; sourceTree = "<group>"; };
		A330117B1E1591F300188B73 /* SeriesPopulares-Bridging-Header.h */ = {isa = PBXFileReference; lastKnownFileType = sourcecode.c.h; name = "SeriesPopulares-Bridging-Header.h"; path = "utils/SeriesPopulares-Bridging-Header.h"; sourceTree = "<group>"; };
		A330117E1E15B23F00188B73 /* SeriesResponse.swift */ = {isa = PBXFileReference; fileEncoding = 4; lastKnownFileType = sourcecode.swift; name = SeriesResponse.swift; path = data/SeriesResponse.swift; sourceTree = "<group>"; };
		A3CC50D71E1517EB00969779 /* Series Populares.app */ = {isa = PBXFileReference; explicitFileType = wrapper.application; includeInIndex = 0; path = "Series Populares.app"; sourceTree = BUILT_PRODUCTS_DIR; };
		A3CC50DA1E1517EB00969779 /* AppDelegate.swift */ = {isa = PBXFileReference; lastKnownFileType = sourcecode.swift; path = AppDelegate.swift; sourceTree = "<group>"; };
		A3CC50DF1E1517EB00969779 /* Base */ = {isa = PBXFileReference; lastKnownFileType = file.storyboard; name = Base; path = Base.lproj/Main.storyboard; sourceTree = "<group>"; };
		A3CC50E11E1517EB00969779 /* Assets.xcassets */ = {isa = PBXFileReference; lastKnownFileType = folder.assetcatalog; path = Assets.xcassets; sourceTree = "<group>"; };
		A3CC50E41E1517EB00969779 /* Base */ = {isa = PBXFileReference; lastKnownFileType = file.storyboard; name = Base; path = Base.lproj/LaunchScreen.storyboard; sourceTree = "<group>"; };
		A3CC50E61E1517EB00969779 /* Info.plist */ = {isa = PBXFileReference; lastKnownFileType = text.plist.xml; path = Info.plist; sourceTree = "<group>"; };
		A3CC50EB1E1517EB00969779 /* Series PopularesTests.xctest */ = {isa = PBXFileReference; explicitFileType = wrapper.cfbundle; includeInIndex = 0; path = "Series PopularesTests.xctest"; sourceTree = BUILT_PRODUCTS_DIR; };
		A3CC50EF1E1517EB00969779 /* Series_PopularesTests.swift */ = {isa = PBXFileReference; lastKnownFileType = sourcecode.swift; path = Series_PopularesTests.swift; sourceTree = "<group>"; };
		A3CC50F11E1517EB00969779 /* Info.plist */ = {isa = PBXFileReference; lastKnownFileType = text.plist.xml; path = Info.plist; sourceTree = "<group>"; };
		B007E0FAA33288BBF88D5A95 /* Pods_Series_PopularesTests.framework */ = {isa = PBXFileReference; explicitFileType = wrapper.framework; includeInIndex = 0; path = Pods_Series_PopularesTests.framework; sourceTree = BUILT_PRODUCTS_DIR; };
		B33B834E94211C16B2E62B56 /* Pods-Series Populares.release.xcconfig */ = {isa = PBXFileReference; includeInIndex = 1; lastKnownFileType = text.xcconfig; name = "Pods-Series Populares.release.xcconfig"; path = "Pods/Target Support Files/Pods-Series Populares/Pods-Series Populares.release.xcconfig"; sourceTree = "<group>"; };
/* End PBXFileReference section */

/* Begin PBXFrameworksBuildPhase section */
		A3CC50D41E1517EA00969779 /* Frameworks */ = {
			isa = PBXFrameworksBuildPhase;
			buildActionMask = 2147483647;
			files = (
				E76865914259CA280B1C567A /* Pods_Series_Populares.framework in Frameworks */,
			);
			runOnlyForDeploymentPostprocessing = 0;
		};
		A3CC50E81E1517EB00969779 /* Frameworks */ = {
			isa = PBXFrameworksBuildPhase;
			buildActionMask = 2147483647;
			files = (
				CD6577E2FD2C44A5B1E20E28 /* Pods_Series_PopularesTests.framework in Frameworks */,
			);
			runOnlyForDeploymentPostprocessing = 0;
		};
/* End PBXFrameworksBuildPhase section */

/* Begin PBXGroup section */
		9537393119C670D6BF9DF8B1 /* Frameworks */ = {
			isa = PBXGroup;
			children = (
				130BD602AEC52F31202B1045 /* Pods_Series_Populares.framework */,
				B007E0FAA33288BBF88D5A95 /* Pods_Series_PopularesTests.framework */,
			);
			name = Frameworks;
			sourceTree = "<group>";
		};
		966B3205EC28D1DD21FB2033 /* Pods */ = {
			isa = PBXGroup;
			children = (
				8DAD3B01FF342647F723F12F /* Pods-Series Populares.debug.xcconfig */,
				B33B834E94211C16B2E62B56 /* Pods-Series Populares.release.xcconfig */,
				5389AD5A1FCE8A53C406BCB6 /* Pods-Series PopularesTests.debug.xcconfig */,
				2C11A1C7F36654B8CD157A90 /* Pods-Series PopularesTests.release.xcconfig */,
			);
			name = Pods;
			sourceTree = "<group>";
		};
		A330115D1E1528DE00188B73 /* ui */ = {
			isa = PBXGroup;
			children = (
				A3CC50DE1E1517EB00969779 /* Main.storyboard */,
				A3CC50E31E1517EB00969779 /* LaunchScreen.storyboard */,
				A330116F1E1554F600188B73 /* SerieViewCell.swift */,
				A33011701E1554F600188B73 /* SerieViewCell.xib */,
			);
			name = ui;
			sourceTree = "<group>";
		};
		A330115E1E1528F100188B73 /* controller */ = {
			isa = PBXGroup;
			children = (
				A33011731E158E0F00188B73 /* MainNavigationController.swift */,
				A33011691E154CAB00188B73 /* SeriesViewController.swift */,
			);
			name = controller;
			sourceTree = "<group>";
		};
		A330115F1E15292200188B73 /* model */ = {
			isa = PBXGroup;
			children = (
				A33011631E153A5C00188B73 /* Serie.swift */,
			);
			name = model;
			sourceTree = "<group>";
		};
		A33011601E15293E00188B73 /* data */ = {
			isa = PBXGroup;
			children = (
				A33011661E153DF400188B73 /* response */,
				A33011611E15296B00188B73 /* SeriesDataRequester.swift */,
			);
			name = data;
			sourceTree = "<group>";
		};
		A33011661E153DF400188B73 /* response */ = {
			isa = PBXGroup;
			children = (
				A330117E1E15B23F00188B73 /* SeriesResponse.swift */,
			);
			name = response;
			sourceTree = "<group>";
		};
		A33011751E158E7800188B73 /* utils */ = {
			isa = PBXGroup;
			children = (
				A33011761E158E8C00188B73 /* UIColorExtension.swift */,
				A330117B1E1591F300188B73 /* SeriesPopulares-Bridging-Header.h */,
			);
			name = utils;
			sourceTree = "<group>";
		};
		A33011781E158EBA00188B73 /* resources */ = {
			isa = PBXGroup;
			children = (
				A33011791E158EDC00188B73 /* Colors.swift */,
			);
			name = resources;
			sourceTree = "<group>";
		};
		A3CC50CE1E1517EA00969779 = {
			isa = PBXGroup;
			children = (
				A3CC50D91E1517EB00969779 /* Series Populares */,
				A3CC50EE1E1517EB00969779 /* Series PopularesTests */,
				A3CC50D81E1517EB00969779 /* Products */,
				966B3205EC28D1DD21FB2033 /* Pods */,
				9537393119C670D6BF9DF8B1 /* Frameworks */,
			);
			sourceTree = "<group>";
		};
		A3CC50D81E1517EB00969779 /* Products */ = {
			isa = PBXGroup;
			children = (
				A3CC50D71E1517EB00969779 /* Series Populares.app */,
				A3CC50EB1E1517EB00969779 /* Series PopularesTests.xctest */,
			);
			name = Products;
			sourceTree = "<group>";
		};
		A3CC50D91E1517EB00969779 /* Series Populares */ = {
			isa = PBXGroup;
			children = (
				A330115E1E1528F100188B73 /* controller */,
				A33011601E15293E00188B73 /* data */,
				A330115F1E15292200188B73 /* model */,
				A33011781E158EBA00188B73 /* resources */,
				A330115D1E1528DE00188B73 /* ui */,
				A33011751E158E7800188B73 /* utils */,
				A3CC50DA1E1517EB00969779 /* AppDelegate.swift */,
				A3CC50E11E1517EB00969779 /* Assets.xcassets */,
				A3CC50E61E1517EB00969779 /* Info.plist */,
			);
			path = "Series Populares";
			sourceTree = "<group>";
		};
		A3CC50EE1E1517EB00969779 /* Series PopularesTests */ = {
			isa = PBXGroup;
			children = (
				A3CC50EF1E1517EB00969779 /* Series_PopularesTests.swift */,
				A3CC50F11E1517EB00969779 /* Info.plist */,
			);
			path = "Series PopularesTests";
			sourceTree = "<group>";
		};
/* End PBXGroup section */

/* Begin PBXNativeTarget section */
		A3CC50D61E1517EA00969779 /* Series Populares */ = {
			isa = PBXNativeTarget;
			buildConfigurationList = A3CC50F41E1517EB00969779 /* Build configuration list for PBXNativeTarget "Series Populares" */;
			buildPhases = (
				2AC6D4F7F5D6AE2C55B45BA5 /* [CP] Check Pods Manifest.lock */,
				A3CC50D31E1517EA00969779 /* Sources */,
				A3CC50D41E1517EA00969779 /* Frameworks */,
				A3CC50D51E1517EA00969779 /* Resources */,
				6D5820FA7DE1FAD743350A65 /* [CP] Embed Pods Frameworks */,
				494160B58B46F1059492A01E /* [CP] Copy Pods Resources */,
			);
			buildRules = (
			);
			dependencies = (
			);
			name = "Series Populares";
			productName = "Series Populares";
			productReference = A3CC50D71E1517EB00969779 /* Series Populares.app */;
			productType = "com.apple.product-type.application";
		};
		A3CC50EA1E1517EB00969779 /* Series PopularesTests */ = {
			isa = PBXNativeTarget;
			buildConfigurationList = A3CC50F71E1517EB00969779 /* Build configuration list for PBXNativeTarget "Series PopularesTests" */;
			buildPhases = (
				B4CD7953675D35C948BDDA94 /* [CP] Check Pods Manifest.lock */,
				A3CC50E71E1517EB00969779 /* Sources */,
				A3CC50E81E1517EB00969779 /* Frameworks */,
				A3CC50E91E1517EB00969779 /* Resources */,
				55062DEF328988A6733F803E /* [CP] Embed Pods Frameworks */,
				8C6E23B28DDE47B842F234B1 /* [CP] Copy Pods Resources */,
			);
			buildRules = (
			);
			dependencies = (
				A3CC50ED1E1517EB00969779 /* PBXTargetDependency */,
			);
			name = "Series PopularesTests";
			productName = "Series PopularesTests";
			productReference = A3CC50EB1E1517EB00969779 /* Series PopularesTests.xctest */;
			productType = "com.apple.product-type.bundle.unit-test";
		};
/* End PBXNativeTarget section */

/* Begin PBXProject section */
		A3CC50CF1E1517EA00969779 /* Project object */ = {
			isa = PBXProject;
			attributes = {
				LastSwiftUpdateCheck = 0820;
				LastUpgradeCheck = 0820;
				ORGANIZATIONNAME = "Leonardo Simas";
				TargetAttributes = {
					A3CC50D61E1517EA00969779 = {
						CreatedOnToolsVersion = 8.2.1;
						ProvisioningStyle = Automatic;
					};
					A3CC50EA1E1517EB00969779 = {
						CreatedOnToolsVersion = 8.2.1;
						ProvisioningStyle = Automatic;
						TestTargetID = A3CC50D61E1517EA00969779;
					};
				};
			};
			buildConfigurationList = A3CC50D21E1517EA00969779 /* Build configuration list for PBXProject "Series Populares" */;
			compatibilityVersion = "Xcode 3.2";
			developmentRegion = English;
			hasScannedForEncodings = 0;
			knownRegions = (
				en,
				Base,
			);
			mainGroup = A3CC50CE1E1517EA00969779;
			productRefGroup = A3CC50D81E1517EB00969779 /* Products */;
			projectDirPath = "";
			projectRoot = "";
			targets = (
				A3CC50D61E1517EA00969779 /* Series Populares */,
				A3CC50EA1E1517EB00969779 /* Series PopularesTests */,
			);
		};
/* End PBXProject section */

/* Begin PBXResourcesBuildPhase section */
		A3CC50D51E1517EA00969779 /* Resources */ = {
			isa = PBXResourcesBuildPhase;
			buildActionMask = 2147483647;
			files = (
				A3CC50E51E1517EB00969779 /* LaunchScreen.storyboard in Resources */,
				A33011721E1554F600188B73 /* SerieViewCell.xib in Resources */,
				A3CC50E21E1517EB00969779 /* Assets.xcassets in Resources */,
				A3CC50E01E1517EB00969779 /* Main.storyboard in Resources */,
			);
			runOnlyForDeploymentPostprocessing = 0;
		};
		A3CC50E91E1517EB00969779 /* Resources */ = {
			isa = PBXResourcesBuildPhase;
			buildActionMask = 2147483647;
			files = (
			);
			runOnlyForDeploymentPostprocessing = 0;
		};
/* End PBXResourcesBuildPhase section */

/* Begin PBXShellScriptBuildPhase section */
		2AC6D4F7F5D6AE2C55B45BA5 /* [CP] Check Pods Manifest.lock */ = {
			isa = PBXShellScriptBuildPhase;
			buildActionMask = 2147483647;
			files = (
			);
			inputPaths = (
			);
			name = "[CP] Check Pods Manifest.lock";
			outputPaths = (
			);
			runOnlyForDeploymentPostprocessing = 0;
			shellPath = /bin/sh;
			shellScript = "diff \"${PODS_ROOT}/../Podfile.lock\" \"${PODS_ROOT}/Manifest.lock\" > /dev/null\nif [ $? != 0 ] ; then\n    # print error to STDERR\n    echo \"error: The sandbox is not in sync with the Podfile.lock. Run 'pod install' or update your CocoaPods installation.\" >&2\n    exit 1\nfi\n";
			showEnvVarsInLog = 0;
		};
		494160B58B46F1059492A01E /* [CP] Copy Pods Resources */ = {
			isa = PBXShellScriptBuildPhase;
			buildActionMask = 2147483647;
			files = (
			);
			inputPaths = (
			);
			name = "[CP] Copy Pods Resources";
			outputPaths = (
			);
			runOnlyForDeploymentPostprocessing = 0;
			shellPath = /bin/sh;
			shellScript = "\"${SRCROOT}/Pods/Target Support Files/Pods-Series Populares/Pods-Series Populares-resources.sh\"\n";
			showEnvVarsInLog = 0;
		};
		55062DEF328988A6733F803E /* [CP] Embed Pods Frameworks */ = {
			isa = PBXShellScriptBuildPhase;
			buildActionMask = 2147483647;
			files = (
			);
			inputPaths = (
			);
			name = "[CP] Embed Pods Frameworks";
			outputPaths = (
			);
			runOnlyForDeploymentPostprocessing = 0;
			shellPath = /bin/sh;
			shellScript = "\"${SRCROOT}/Pods/Target Support Files/Pods-Series PopularesTests/Pods-Series PopularesTests-frameworks.sh\"\n";
			showEnvVarsInLog = 0;
		};
		6D5820FA7DE1FAD743350A65 /* [CP] Embed Pods Frameworks */ = {
			isa = PBXShellScriptBuildPhase;
			buildActionMask = 2147483647;
			files = (
			);
			inputPaths = (
			);
			name = "[CP] Embed Pods Frameworks";
			outputPaths = (
			);
			runOnlyForDeploymentPostprocessing = 0;
			shellPath = /bin/sh;
			shellScript = "\"${SRCROOT}/Pods/Target Support Files/Pods-Series Populares/Pods-Series Populares-frameworks.sh\"\n";
			showEnvVarsInLog = 0;
		};
		8C6E23B28DDE47B842F234B1 /* [CP] Copy Pods Resources */ = {
			isa = PBXShellScriptBuildPhase;
			buildActionMask = 2147483647;
			files = (
			);
			inputPaths = (
			);
			name = "[CP] Copy Pods Resources";
			outputPaths = (
			);
			runOnlyForDeploymentPostprocessing = 0;
			shellPath = /bin/sh;
			shellScript = "\"${SRCROOT}/Pods/Target Support Files/Pods-Series PopularesTests/Pods-Series PopularesTests-resources.sh\"\n";
			showEnvVarsInLog = 0;
		};
		B4CD7953675D35C948BDDA94 /* [CP] Check Pods Manifest.lock */ = {
			isa = PBXShellScriptBuildPhase;
			buildActionMask = 2147483647;
			files = (
			);
			inputPaths = (
			);
			name = "[CP] Check Pods Manifest.lock";
			outputPaths = (
			);
			runOnlyForDeploymentPostprocessing = 0;
			shellPath = /bin/sh;
			shellScript = "diff \"${PODS_ROOT}/../Podfile.lock\" \"${PODS_ROOT}/Manifest.lock\" > /dev/null\nif [ $? != 0 ] ; then\n    # print error to STDERR\n    echo \"error: The sandbox is not in sync with the Podfile.lock. Run 'pod install' or update your CocoaPods installation.\" >&2\n    exit 1\nfi\n";
			showEnvVarsInLog = 0;
		};
/* End PBXShellScriptBuildPhase section */

/* Begin PBXSourcesBuildPhase section */
		A3CC50D31E1517EA00969779 /* Sources */ = {
			isa = PBXSourcesBuildPhase;
			buildActionMask = 2147483647;
			files = (
				A33011621E15296B00188B73 /* SeriesDataRequester.swift in Sources */,
				A330117A1E158EDC00188B73 /* Colors.swift in Sources */,
				A33011711E1554F600188B73 /* SerieViewCell.swift in Sources */,
				A330117F1E15B23F00188B73 /* SeriesResponse.swift in Sources */,
				A330116A1E154CAB00188B73 /* SeriesViewController.swift in Sources */,
				A33011741E158E0F00188B73 /* MainNavigationController.swift in Sources */,
				A33011771E158E8C00188B73 /* UIColorExtension.swift in Sources */,
				A33011641E153A5C00188B73 /* Serie.swift in Sources */,
				A3CC50DB1E1517EB00969779 /* AppDelegate.swift in Sources */,
			);
			runOnlyForDeploymentPostprocessing = 0;
		};
		A3CC50E71E1517EB00969779 /* Sources */ = {
			isa = PBXSourcesBuildPhase;
			buildActionMask = 2147483647;
			files = (
				A3CC50F01E1517EB00969779 /* Series_PopularesTests.swift in Sources */,
			);
			runOnlyForDeploymentPostprocessing = 0;
		};
/* End PBXSourcesBuildPhase section */

/* Begin PBXTargetDependency section */
		A3CC50ED1E1517EB00969779 /* PBXTargetDependency */ = {
			isa = PBXTargetDependency;
			target = A3CC50D61E1517EA00969779 /* Series Populares */;
			targetProxy = A3CC50EC1E1517EB00969779 /* PBXContainerItemProxy */;
		};
/* End PBXTargetDependency section */

/* Begin PBXVariantGroup section */
		A3CC50DE1E1517EB00969779 /* Main.storyboard */ = {
			isa = PBXVariantGroup;
			children = (
				A3CC50DF1E1517EB00969779 /* Base */,
			);
			name = Main.storyboard;
			sourceTree = "<group>";
		};
		A3CC50E31E1517EB00969779 /* LaunchScreen.storyboard */ = {
			isa = PBXVariantGroup;
			children = (
				A3CC50E41E1517EB00969779 /* Base */,
			);
			name = LaunchScreen.storyboard;
			sourceTree = "<group>";
		};
/* End PBXVariantGroup section */

/* Begin XCBuildConfiguration section */
		A3CC50F21E1517EB00969779 /* Debug */ = {
			isa = XCBuildConfiguration;
			buildSettings = {
				ALWAYS_SEARCH_USER_PATHS = NO;
				CLANG_ANALYZER_NONNULL = YES;
				CLANG_CXX_LANGUAGE_STANDARD = "gnu++0x";
				CLANG_CXX_LIBRARY = "libc++";
				CLANG_ENABLE_MODULES = YES;
				CLANG_ENABLE_OBJC_ARC = YES;
				CLANG_WARN_BOOL_CONVERSION = YES;
				CLANG_WARN_CONSTANT_CONVERSION = YES;
				CLANG_WARN_DIRECT_OBJC_ISA_USAGE = YES_ERROR;
				CLANG_WARN_DOCUMENTATION_COMMENTS = YES;
				CLANG_WARN_EMPTY_BODY = YES;
				CLANG_WARN_ENUM_CONVERSION = YES;
				CLANG_WARN_INFINITE_RECURSION = YES;
				CLANG_WARN_INT_CONVERSION = YES;
				CLANG_WARN_OBJC_ROOT_CLASS = YES_ERROR;
				CLANG_WARN_SUSPICIOUS_MOVE = YES;
				CLANG_WARN_UNREACHABLE_CODE = YES;
				CLANG_WARN__DUPLICATE_METHOD_MATCH = YES;
				"CODE_SIGN_IDENTITY[sdk=iphoneos*]" = "iPhone Developer";
				COPY_PHASE_STRIP = NO;
				DEBUG_INFORMATION_FORMAT = dwarf;
				ENABLE_STRICT_OBJC_MSGSEND = YES;
				ENABLE_TESTABILITY = YES;
				GCC_C_LANGUAGE_STANDARD = gnu99;
				GCC_DYNAMIC_NO_PIC = NO;
				GCC_NO_COMMON_BLOCKS = YES;
				GCC_OPTIMIZATION_LEVEL = 0;
				GCC_PREPROCESSOR_DEFINITIONS = (
					"DEBUG=1",
					"$(inherited)",
				);
				GCC_WARN_64_TO_32_BIT_CONVERSION = YES;
				GCC_WARN_ABOUT_RETURN_TYPE = YES_ERROR;
				GCC_WARN_UNDECLARED_SELECTOR = YES;
				GCC_WARN_UNINITIALIZED_AUTOS = YES_AGGRESSIVE;
				GCC_WARN_UNUSED_FUNCTION = YES;
				GCC_WARN_UNUSED_VARIABLE = YES;
				IPHONEOS_DEPLOYMENT_TARGET = 10.2;
				MTL_ENABLE_DEBUG_INFO = YES;
				ONLY_ACTIVE_ARCH = YES;
				SDKROOT = iphoneos;
				SWIFT_ACTIVE_COMPILATION_CONDITIONS = DEBUG;
				SWIFT_OBJC_BRIDGING_HEADER = "Series Populares/utils/SeriesPopulares-Bridging-Header.h";
				SWIFT_OPTIMIZATION_LEVEL = "-Onone";
				TARGETED_DEVICE_FAMILY = "1,2";
			};
			name = Debug;
		};
		A3CC50F31E1517EB00969779 /* Release */ = {
			isa = XCBuildConfiguration;
			buildSettings = {
				ALWAYS_SEARCH_USER_PATHS = NO;
				CLANG_ANALYZER_NONNULL = YES;
				CLANG_CXX_LANGUAGE_STANDARD = "gnu++0x";
				CLANG_CXX_LIBRARY = "libc++";
				CLANG_ENABLE_MODULES = YES;
				CLANG_ENABLE_OBJC_ARC = YES;
				CLANG_WARN_BOOL_CONVERSION = YES;
				CLANG_WARN_CONSTANT_CONVERSION = YES;
				CLANG_WARN_DIRECT_OBJC_ISA_USAGE = YES_ERROR;
				CLANG_WARN_DOCUMENTATION_COMMENTS = YES;
				CLANG_WARN_EMPTY_BODY = YES;
				CLANG_WARN_ENUM_CONVERSION = YES;
				CLANG_WARN_INFINITE_RECURSION = YES;
				CLANG_WARN_INT_CONVERSION = YES;
				CLANG_WARN_OBJC_ROOT_CLASS = YES_ERROR;
				CLANG_WARN_SUSPICIOUS_MOVE = YES;
				CLANG_WARN_UNREACHABLE_CODE = YES;
				CLANG_WARN__DUPLICATE_METHOD_MATCH = YES;
				"CODE_SIGN_IDENTITY[sdk=iphoneos*]" = "iPhone Developer";
				COPY_PHASE_STRIP = NO;
				DEBUG_INFORMATION_FORMAT = "dwarf-with-dsym";
				ENABLE_NS_ASSERTIONS = NO;
				ENABLE_STRICT_OBJC_MSGSEND = YES;
				GCC_C_LANGUAGE_STANDARD = gnu99;
				GCC_NO_COMMON_BLOCKS = YES;
				GCC_WARN_64_TO_32_BIT_CONVERSION = YES;
				GCC_WARN_ABOUT_RETURN_TYPE = YES_ERROR;
				GCC_WARN_UNDECLARED_SELECTOR = YES;
				GCC_WARN_UNINITIALIZED_AUTOS = YES_AGGRESSIVE;
				GCC_WARN_UNUSED_FUNCTION = YES;
				GCC_WARN_UNUSED_VARIABLE = YES;
				IPHONEOS_DEPLOYMENT_TARGET = 10.2;
				MTL_ENABLE_DEBUG_INFO = NO;
				SDKROOT = iphoneos;
				SWIFT_OBJC_BRIDGING_HEADER = "Series Populares/utils/SeriesPopulares-Bridging-Header.h";
				SWIFT_OPTIMIZATION_LEVEL = "-Owholemodule";
				TARGETED_DEVICE_FAMILY = "1,2";
				VALIDATE_PRODUCT = YES;
			};
			name = Release;
		};
		A3CC50F51E1517EB00969779 /* Debug */ = {
			isa = XCBuildConfiguration;
			baseConfigurationReference = 8DAD3B01FF342647F723F12F /* Pods-Series Populares.debug.xcconfig */;
			buildSettings = {
				ASSETCATALOG_COMPILER_APPICON_NAME = AppIcon;
				INFOPLIST_FILE = "Series Populares/Info.plist";
				IPHONEOS_DEPLOYMENT_TARGET = 9.0;
				LD_RUNPATH_SEARCH_PATHS = "$(inherited) @executable_path/Frameworks";
				PRODUCT_BUNDLE_IDENTIFIER = "com.simas.leonardo.Series-Populares";
				PRODUCT_NAME = "$(TARGET_NAME)";
				SWIFT_VERSION = 3.0;
			};
			name = Debug;
		};
		A3CC50F61E1517EB00969779 /* Release */ = {
			isa = XCBuildConfiguration;
			baseConfigurationReference = B33B834E94211C16B2E62B56 /* Pods-Series Populares.release.xcconfig */;
			buildSettings = {
				ASSETCATALOG_COMPILER_APPICON_NAME = AppIcon;
				INFOPLIST_FILE = "Series Populares/Info.plist";
				IPHONEOS_DEPLOYMENT_TARGET = 9.0;
				LD_RUNPATH_SEARCH_PATHS = "$(inherited) @executable_path/Frameworks";
				PRODUCT_BUNDLE_IDENTIFIER = "com.simas.leonardo.Series-Populares";
				PRODUCT_NAME = "$(TARGET_NAME)";
				SWIFT_VERSION = 3.0;
			};
			name = Release;
		};
		A3CC50F81E1517EB00969779 /* Debug */ = {
			isa = XCBuildConfiguration;
			baseConfigurationReference = 5389AD5A1FCE8A53C406BCB6 /* Pods-Series PopularesTests.debug.xcconfig */;
			buildSettings = {
				ALWAYS_EMBED_SWIFT_STANDARD_LIBRARIES = YES;
				BUNDLE_LOADER = "$(TEST_HOST)";
				INFOPLIST_FILE = "Series PopularesTests/Info.plist";
				LD_RUNPATH_SEARCH_PATHS = "$(inherited) @executable_path/Frameworks @loader_path/Frameworks";
				PRODUCT_BUNDLE_IDENTIFIER = "com.simas.leonardo.Series-PopularesTests";
				PRODUCT_NAME = "$(TARGET_NAME)";
				SWIFT_VERSION = 3.0;
				TEST_HOST = "$(BUILT_PRODUCTS_DIR)/Series Populares.app/Series Populares";
			};
			name = Debug;
		};
		A3CC50F91E1517EB00969779 /* Release */ = {
			isa = XCBuildConfiguration;
			baseConfigurationReference = 2C11A1C7F36654B8CD157A90 /* Pods-Series PopularesTests.release.xcconfig */;
			buildSettings = {
				ALWAYS_EMBED_SWIFT_STANDARD_LIBRARIES = YES;
				BUNDLE_LOADER = "$(TEST_HOST)";
				INFOPLIST_FILE = "Series PopularesTests/Info.plist";
				LD_RUNPATH_SEARCH_PATHS = "$(inherited) @executable_path/Frameworks @loader_path/Frameworks";
				PRODUCT_BUNDLE_IDENTIFIER = "com.simas.leonardo.Series-PopularesTests";
				PRODUCT_NAME = "$(TARGET_NAME)";
				SWIFT_VERSION = 3.0;
				TEST_HOST = "$(BUILT_PRODUCTS_DIR)/Series Populares.app/Series Populares";
			};
			name = Release;
		};
/* End XCBuildConfiguration section */

/* Begin XCConfigurationList section */
		A3CC50D21E1517EA00969779 /* Build configuration list for PBXProject "Series Populares" */ = {
			isa = XCConfigurationList;
			buildConfigurations = (
				A3CC50F21E1517EB00969779 /* Debug */,
				A3CC50F31E1517EB00969779 /* Release */,
			);
			defaultConfigurationIsVisible = 0;
			defaultConfigurationName = Release;
		};
		A3CC50F41E1517EB00969779 /* Build configuration list for PBXNativeTarget "Series Populares" */ = {
			isa = XCConfigurationList;
			buildConfigurations = (
				A3CC50F51E1517EB00969779 /* Debug */,
				A3CC50F61E1517EB00969779 /* Release */,
			);
			defaultConfigurationIsVisible = 0;
			defaultConfigurationName = Release;
		};
		A3CC50F71E1517EB00969779 /* Build configuration list for PBXNativeTarget "Series PopularesTests" */ = {
			isa = XCConfigurationList;
			buildConfigurations = (
				A3CC50F81E1517EB00969779 /* Debug */,
				A3CC50F91E1517EB00969779 /* Release */,
			);
			defaultConfigurationIsVisible = 0;
			defaultConfigurationName = Release;
		};
/* End XCConfigurationList section */
	};
	rootObject = A3CC50CF1E1517EA00969779 /* Project object */;
}
